
Microsoft Visual Studio Solution File, Format Version 12.00
# Visual Studio 15
VisualStudioVersion = 15.0.28307.645
MinimumVisualStudioVersion = 10.0.40219.1
Project("{FAE04EC0-301F-11D3-BF4B-00C04F79EFBC}") = "ProyectoFinal", "ProyectoFinal\ProyectoFinal.csproj", "{64584E8F-0E2B-4FDA-B93A-B2A432A5D49C}"
EndProject
Project("{FAE04EC0-301F-11D3-BF4B-00C04F79EFBC}") = "extracto", "extracto\extracto.csproj", "{B22A0736-4D5B-41F9-AD1A-EBC72A01F1C5}"
EndProject
Global
	GlobalSection(SolutionConfigurationPlatforms) = preSolution
		Debug|Any CPU = Debug|Any CPU
		Release|Any CPU = Release|Any CPU
	EndGlobalSection
	GlobalSection(ProjectConfigurationPlatforms) = postSolution
		{64584E8F-0E2B-4FDA-B93A-B2A432A5D49C}.Debug|Any CPU.ActiveCfg = Debug|Any CPU
		{64584E8F-0E2B-4FDA-B93A-B2A432A5D49C}.Debug|Any CPU.Build.0 = Debug|Any CPU
		{64584E8F-0E2B-4FDA-B93A-B2A432A5D49C}.Release|Any CPU.ActiveCfg = Release|Any CPU
		{64584E8F-0E2B-4FDA-B93A-B2A432A5D49C}.Release|Any CPU.Build.0 = Release|Any CPU
		{B22A0736-4D5B-41F9-AD1A-EBC72A01F1C5}.Debug|Any CPU.ActiveCfg = Debug|Any CPU
		{B22A0736-4D5B-41F9-AD1A-EBC72A01F1C5}.Debug|Any CPU.Build.0 = Debug|Any CPU
		{B22A0736-4D5B-41F9-AD1A-EBC72A01F1C5}.Release|Any CPU.ActiveCfg = Release|Any CPU
		{B22A0736-4D5B-41F9-AD1A-EBC72A01F1C5}.Release|Any CPU.Build.0 = Release|Any CPU
	EndGlobalSection
	GlobalSection(SolutionProperties) = preSolution
		HideSolutionNode = FALSE
	EndGlobalSection
	GlobalSection(ExtensibilityGlobals) = postSolution
		SolutionGuid = {CF925E9B-A72A-40AC-8AD3-4CCD14C919F4}
	EndGlobalSection
EndGlobal
